# THIS IS AN AUTOGENERATED FILE. DO NOT EDIT THIS FILE DIRECTLY.
# yarn lockfile v1


"@babel/runtime-corejs2@^7.2.0":
  version "7.7.6"
  resolved "https://registry.yarnpkg.com/@babel/runtime-corejs2/-/runtime-corejs2-7.7.6.tgz#50b7cd4eab929b4cb66167c4972d35eaceaa124b"
  integrity sha512-QYp/8xdH8iMin3pH5gtT/rUuttVfIcOhWBC3wh9Eh/qs4jEe39+3DpCDLgWXhMQgiCTOH8mrLSvQ0OHOCcox9g==
  dependencies:
    core-js "^2.6.5"
    regenerator-runtime "^0.13.2"

core-js@^2.6.5:
  version "2.6.11"
  resolved "https://registry.yarnpkg.com/core-js/-/core-js-2.6.11.tgz#38831469f9922bded8ee21c9dc46985e0399308c"
  integrity sha512-5wjnpaT/3dV+XB4borEsnAYQchn00XSgTAWKDkEqv+K8KevjbzmofK6hfJ9TZIlpj2N0xQpazy7PiRQiWHqzWg==

decamelize@^3.2.0:
  version "3.2.0"
  resolved "https://registry.yarnpkg.com/decamelize/-/decamelize-3.2.0.tgz#84b8e8f4f8c579f938e35e2cc7024907e0090851"
  integrity sha512-4TgkVUsmmu7oCSyGBm5FvfMoACuoh9EOidm7V5/J2X2djAwwt57qb3F2KMP2ITqODTCSwb+YRV+0Zqrv18k/hw==
  dependencies:
    xregexp "^4.2.4"

iptv-playlist-parser@^0.3.0:
  version "0.3.0"
  resolved "https://registry.yarnpkg.com/iptv-playlist-parser/-/iptv-playlist-parser-0.3.0.tgz#d08129fa2d7bb03fbef1767d96fca902928e8301"
  integrity sha512-FA9B+8Lh+0KtWWXDaxzFf1DY3QJI+mGCZP/E51XoJcfahnajyyqdfI1ClpQquFHok2CLNqnfbeW6rzJN9TCREg==
  dependencies:
    decamelize "^3.2.0"
    m3u8-file-parser "^0.2.2"

m3u8-file-parser@^0.2.2:
  version "0.2.2"
  resolved "https://registry.yarnpkg.com/m3u8-file-parser/-/m3u8-file-parser-0.2.2.tgz#6e3f31524a4b0c4d3f6c517d6706c7b17ee776e6"
  integrity sha512-OW2m2wcVh4g55MKpe5jxp4AOkpUVQEuaXEF8YTnIP1eAPmLtmuzfk+QcHqA+raqK3zdkz/nHjNvoCKn0k6UgzA==

regenerator-runtime@^0.13.2:
  version "0.13.3"
  resolved "https://registry.yarnpkg.com/regenerator-runtime/-/regenerator-runtime-0.13.3.tgz#7cf6a77d8f5c6f60eb73c5fc1955b2ceb01e6bf5"
  integrity sha512-naKIZz2GQ8JWh///G7L3X6LaQUAMp2lvb1rvwwsURe/VXwD6VMfr+/1NuNw3ag8v2kY1aQ/go5SNn79O9JU7yw==

xregexp@^4.2.4:
  version "4.2.4"
  resolved "https://registry.yarnpkg.com/xregexp/-/xregexp-4.2.4.tgz#02a4aea056d65a42632c02f0233eab8e4d7e57ed"
  integrity sha512-sO0bYdYeJAJBcJA8g7MJJX7UrOZIfJPd8U2SC7B2Dd/J24U0aQNoGp33shCaBSWeb0rD5rh6VBUIXOkGal1TZA==
  dependencies:
    "@babel/runtime-corejs2" "^7.2.0"
